PODS:
  - ChartFeature (0.1.0):
    - ChartFeature/Release (= 0.1.0)
    - Charts
    - TinyConstraints
  - ChartFeature/Release (0.1.0):
    - Charts
    - TinyConstraints
  - Charts (4.1.0):
    - Charts/Core (= 4.1.0)
  - Charts/Core (4.1.0):
    - SwiftAlgorithms (~> 1.0)
  - SwiftAlgorithms (1.0.0)
  - TinyConstraints (4.0.2)

DEPENDENCIES:
  - ChartFeature (from `../ChartFeature/`)

SPEC REPOS:
  trunk:
    - Charts
    - SwiftAlgorithms
    - TinyConstraints

EXTERNAL SOURCES:
  ChartFeature:
    :path: "../ChartFeature/"

SPEC CHECKSUMS:
  ChartFeature: e0fc1d5732fdd837a66e722b22064f8b3ef842e1
  Charts: ce0768268078eee0336f122c3c4ca248e4e204c5
  SwiftAlgorithms: 38dda4731d19027fdeee1125f973111bf3386b53
  TinyConstraints: 7b7ccc0c485bb3bb47082138ff28bc33cd49897f

PODFILE CHECKSUM: a2f707e929b7a408351af9f0a39b81250e7848d9

COCOAPODS: 1.12.1
